
Microsoft Visual Studio Solution File, Format Version 12.00
# Visual Studio Version 17
VisualStudioVersion = 17.5.002.0
MinimumVisualStudioVersion = 10.0.40219.1
Project("{2150E333-8FDC-42A3-9474-1A3956D46DE8}") = "easy", "easy", "{35F71D99-468E-46C9-A860-B701097157CA}"
EndProject
Project("{9A19103F-16F7-4668-BE54-9A1E7A4F7556}") = "TwoSum", "easy\TwoSum\TwoSum.csproj", "{0655830C-78B2-4F53-97E0-777CAA203D44}"
EndProject
Global
	GlobalSection(SolutionConfigurationPlatforms) = preSolution
		Debug|Any CPU = Debug|Any CPU
		Release|Any CPU = Release|Any CPU
	EndGlobalSection
	GlobalSection(ProjectConfigurationPlatforms) = postSolution
		{0655830C-78B2-4F53-97E0-777CAA203D44}.Debug|Any CPU.ActiveCfg = Debug|Any CPU
		{0655830C-78B2-4F53-97E0-777CAA203D44}.Debug|Any CPU.Build.0 = Debug|Any CPU
		{0655830C-78B2-4F53-97E0-777CAA203D44}.Release|Any CPU.ActiveCfg = Release|Any CPU
		{0655830C-78B2-4F53-97E0-777CAA203D44}.Release|Any CPU.Build.0 = Release|Any CPU
	EndGlobalSection
	GlobalSection(SolutionProperties) = preSolution
		HideSolutionNode = FALSE
	EndGlobalSection
	GlobalSection(NestedProjects) = preSolution
		{0655830C-78B2-4F53-97E0-777CAA203D44} = {35F71D99-468E-46C9-A860-B701097157CA}
	EndGlobalSection
	GlobalSection(ExtensibilityGlobals) = postSolution
		SolutionGuid = {CB7FBAB0-7EBA-49F1-BB98-9B827DE2DE85}
	EndGlobalSection
EndGlobal
